// !$*UTF8*$!
{
	archiveVersion = 1;
	classes = {
	};
	objectVersion = 46;
	objects = {

/* Begin PBXBuildFile section */
		040FFB931B24892500553DD7 /* Accelerate.framework in Frameworks */ = {isa = PBXBuildFile; fileRef = 040FFB921B24892500553DD7 /* Accelerate.framework */; };
		040FFB951B24893B00553DD7 /* CoreText.framework in Frameworks */ = {isa = PBXBuildFile; fileRef = 040FFB941B24893B00553DD7 /* CoreText.framework */; };
		040FFB991B24899F00553DD7 /* CoreAudio.framework in Frameworks */ = {isa = PBXBuildFile; fileRef = 040FFB981B24899F00553DD7 /* CoreAudio.framework */; };
		040FFB9B1B2489AD00553DD7 /* CoreBluetooth.framework in Frameworks */ = {isa = PBXBuildFile; fileRef = 040FFB9A1B2489AD00553DD7 /* CoreBluetooth.framework */; };
		040FFB9D1B2489BD00553DD7 /* CoreFoundation.framework in Frameworks */ = {isa = PBXBuildFile; fileRef = 040FFB9C1B2489BD00553DD7 /* CoreFoundation.framework */; };
		040FFB9F1B2489C700553DD7 /* CoreImage.framework in Frameworks */ = {isa = PBXBuildFile; fileRef = 040FFB9E1B2489C700553DD7 /* CoreImage.framework */; };
		040FFBA11B2489DC00553DD7 /* CoreVideo.framework in Frameworks */ = {isa = PBXBuildFile; fileRef = 040FFBA01B2489DC00553DD7 /* CoreVideo.framework */; };
		040FFBA31B2489EE00553DD7 /* GameKit.framework in Frameworks */ = {isa = PBXBuildFile; fileRef = 040FFBA21B2489EE00553DD7 /* GameKit.framework */; };
		040FFBA51B2489FB00553DD7 /* ImageIO.framework in Frameworks */ = {isa = PBXBuildFile; fileRef = 040FFBA41B2489FB00553DD7 /* ImageIO.framework */; };
		040FFBA71B248A1600553DD7 /* OpenGLES.framework in Frameworks */ = {isa = PBXBuildFile; fileRef = 040FFBA61B248A1600553DD7 /* OpenGLES.framework */; };
		040FFBA91B248B6F00553DD7 /* libxml2.dylib in Frameworks */ = {isa = PBXBuildFile; fileRef = 040FFBA81B248B6F00553DD7 /* libxml2.dylib */; };
		040FFBAB1B248BA100553DD7 /* MessageUI.framework in Frameworks */ = {isa = PBXBuildFile; fileRef = 040FFBAA1B248BA100553DD7 /* MessageUI.framework */; };
		040FFBAD1B248C0000553DD7 /* MediaToolbox.framework in Frameworks */ = {isa = PBXBuildFile; fileRef = 040FFBAC1B248C0000553DD7 /* MediaToolbox.framework */; };
		04C70B681B2479EB0034BF19 /* libMobClickLibrary.a in Frameworks */ = {isa = PBXBuildFile; fileRef = 04C70B651B2479EB0034BF19 /* libMobClickLibrary.a */; };
		04C70B6B1B247A7B0034BF19 /* AddressBook.framework in Frameworks */ = {isa = PBXBuildFile; fileRef = 04C70B691B247A7B0034BF19 /* AddressBook.framework */; };
		04C70B6E1B247A880034BF19 /* AdSupport.framework in Frameworks */ = {isa = PBXBuildFile; fileRef = 04C70B6D1B247A880034BF19 /* AdSupport.framework */; };
		04C70B701B247A950034BF19 /* AudioToolbox.framework in Frameworks */ = {isa = PBXBuildFile; fileRef = 04C70B6F1B247A950034BF19 /* AudioToolbox.framework */; };
		04C70B741B247AB50034BF19 /* CoreMedia.framework in Frameworks */ = {isa = PBXBuildFile; fileRef = 04C70B731B247AB50034BF19 /* CoreMedia.framework */; };
		04C70B761B247AC10034BF19 /* CoreMotion.framework in Frameworks */ = {isa = PBXBuildFile; fileRef = 04C70B751B247AC10034BF19 /* CoreMotion.framework */; };
		04C70B791B247ACF0034BF19 /* EventKit.framework in Frameworks */ = {isa = PBXBuildFile; fileRef = 04C70B771B247ACF0034BF19 /* EventKit.framework */; };
		04C70B7A1B247ACF0034BF19 /* EventKitUI.framework in Frameworks */ = {isa = PBXBuildFile; fileRef = 04C70B781B247ACF0034BF19 /* EventKitUI.framework */; };
		04C70B7C1B247ADA0034BF19 /* Foundation.framework in Frameworks */ = {isa = PBXBuildFile; fileRef = 04C70B7B1B247ADA0034BF19 /* Foundation.framework */; };
		04C70B7E1B247AE30034BF19 /* iAd.framework in Frameworks */ = {isa = PBXBuildFile; fileRef = 04C70B7D1B247AE30034BF19 /* iAd.framework */; };
		04C70B801B247AF00034BF19 /* MapKit.framework in Frameworks */ = {isa = PBXBuildFile; fileRef = 04C70B7F1B247AF00034BF19 /* MapKit.framework */; };
		04C70B841B247B060034BF19 /* PassKit.framework in Frameworks */ = {isa = PBXBuildFile; fileRef = 04C70B831B247B060034BF19 /* PassKit.framework */; };
		04C70B861B247B100034BF19 /* QuartzCore.framework in Frameworks */ = {isa = PBXBuildFile; fileRef = 04C70B851B247B100034BF19 /* QuartzCore.framework */; };
		04C70B881B247B1B0034BF19 /* Social.framework in Frameworks */ = {isa = PBXBuildFile; fileRef = 04C70B871B247B1B0034BF19 /* Social.framework */; };
		04C70B8A1B247B250034BF19 /* StoreKit.framework in Frameworks */ = {isa = PBXBuildFile; fileRef = 04C70B891B247B250034BF19 /* StoreKit.framework */; };
		04C70B8C1B247B310034BF19 /* UIKit.framework in Frameworks */ = {isa = PBXBuildFile; fileRef = 04C70B8B1B247B310034BF19 /* UIKit.framework */; };
		BE009A351B155E1A00DE9530 /* main.m in Sources */ = {isa = PBXBuildFile; fileRef = BE009A341B155E1A00DE9530 /* main.m */; };
		BE009A431B155E1A00DE9530 /* LaunchScreen.xib in Resources */ = {isa = PBXBuildFile; fileRef = BE009A411B155E1A00DE9530 /* LaunchScreen.xib */; };
		BE009A5D1B155F5A00DE9530 /* AppDelegate.m in Sources */ = {isa = PBXBuildFile; fileRef = BE009A5A1B155F5A00DE9530 /* AppDelegate.m */; };
		BE009A841B15697200DE9530 /* NSArray+KenArray.m in Sources */ = {isa = PBXBuildFile; fileRef = BE009A6B1B15697100DE9530 /* NSArray+KenArray.m */; };
		BE009A851B15697200DE9530 /* NSMutableArray+KenMutableArray.m in Sources */ = {isa = PBXBuildFile; fileRef = BE009A6D1B15697100DE9530 /* NSMutableArray+KenMutableArray.m */; };
		BE009A861B15697200DE9530 /* NSMutableDictionary+KenMutableDictionary.m in Sources */ = {isa = PBXBuildFile; fileRef = BE009A6F1B15697100DE9530 /* NSMutableDictionary+KenMutableDictionary.m */; };
		BE009A871B15697200DE9530 /* NSMutableString+KenMutableString.m in Sources */ = {isa = PBXBuildFile; fileRef = BE009A711B15697100DE9530 /* NSMutableString+KenMutableString.m */; };
		BE009A881B15697200DE9530 /* NSNull+KenNull.m in Sources */ = {isa = PBXBuildFile; fileRef = BE009A731B15697200DE9530 /* NSNull+KenNull.m */; };
		BE009A891B15697200DE9530 /* NSObject+KenObject.m in Sources */ = {isa = PBXBuildFile; fileRef = BE009A751B15697200DE9530 /* NSObject+KenObject.m */; };
		BE009A8A1B15697200DE9530 /* NSString+KenString.m in Sources */ = {isa = PBXBuildFile; fileRef = BE009A771B15697200DE9530 /* NSString+KenString.m */; };
		BE009A8B1B15697200DE9530 /* UIColor+KenColor.m in Sources */ = {isa = PBXBuildFile; fileRef = BE009A791B15697200DE9530 /* UIColor+KenColor.m */; };
		BE009A8C1B15697200DE9530 /* UIDevice+IdentifierAddition.m in Sources */ = {isa = PBXBuildFile; fileRef = BE009A7B1B15697200DE9530 /* UIDevice+IdentifierAddition.m */; };
		BE009A8D1B15697200DE9530 /* UIFont+KenFont.m in Sources */ = {isa = PBXBuildFile; fileRef = BE009A7D1B15697200DE9530 /* UIFont+KenFont.m */; };
		BE009A8E1B15697200DE9530 /* UIImage+KenImage.m in Sources */ = {isa = PBXBuildFile; fileRef = BE009A7F1B15697200DE9530 /* UIImage+KenImage.m */; };
		BE009A8F1B15697200DE9530 /* UIView+KenUIView.m in Sources */ = {isa = PBXBuildFile; fileRef = BE009A811B15697200DE9530 /* UIView+KenUIView.m */; };
		BE009A901B15697200DE9530 /* KenUtils.m in Sources */ = {isa = PBXBuildFile; fileRef = BE009A831B15697200DE9530 /* KenUtils.m */; };
		BE009A931B156AD500DE9530 /* Localizable.strings in Resources */ = {isa = PBXBuildFile; fileRef = BE009A921B156AD500DE9530 /* Localizable.strings */; };
		BE009A951B156AED00DE9530 /* InfoPlist.strings in Resources */ = {isa = PBXBuildFile; fileRef = BE009A941B156AED00DE9530 /* InfoPlist.strings */; };
		BE009A9A1B1573F900DE9530 /* KSBStockInfo.m in Sources */ = {isa = PBXBuildFile; fileRef = BE009A991B1573F900DE9530 /* KSBStockInfo.m */; };
		BE009A9D1B15740800DE9530 /* KSBModel.m in Sources */ = {isa = PBXBuildFile; fileRef = BE009A9C1B15740800DE9530 /* KSBModel.m */; };
		BE009AA91B180CA100DE9530 /* Images.xcassets in Resources */ = {isa = PBXBuildFile; fileRef = BE009AA81B180CA100DE9530 /* Images.xcassets */; };
		BE009AD81B1C473800DE9530 /* CoreLocation.framework in Frameworks */ = {isa = PBXBuildFile; fileRef = BE009AD71B1C473800DE9530 /* CoreLocation.framework */; };
		BE009ADA1B1C474100DE9530 /* Security.framework in Frameworks */ = {isa = PBXBuildFile; fileRef = BE009AD91B1C474100DE9530 /* Security.framework */; };
		BE009ADC1B1C474A00DE9530 /* CoreGraphics.framework in Frameworks */ = {isa = PBXBuildFile; fileRef = BE009ADB1B1C474A00DE9530 /* CoreGraphics.framework */; };
		BE009ADE1B1C475300DE9530 /* MobileCoreServices.framework in Frameworks */ = {isa = PBXBuildFile; fileRef = BE009ADD1B1C475300DE9530 /* MobileCoreServices.framework */; };
		BE009AE01B1C475C00DE9530 /* CFNetwork.framework in Frameworks */ = {isa = PBXBuildFile; fileRef = BE009ADF1B1C475C00DE9530 /* CFNetwork.framework */; };
		BE009AE21B1C476500DE9530 /* CoreTelephony.framework in Frameworks */ = {isa = PBXBuildFile; fileRef = BE009AE11B1C476500DE9530 /* CoreTelephony.framework */; };
		BE009AE41B1C476F00DE9530 /* SystemConfiguration.framework in Frameworks */ = {isa = PBXBuildFile; fileRef = BE009AE31B1C476F00DE9530 /* SystemConfiguration.framework */; };
		BE009AE61B1C477F00DE9530 /* libz.1.2.5.dylib in Frameworks */ = {isa = PBXBuildFile; fileRef = BE009AE51B1C477F00DE9530 /* libz.1.2.5.dylib */; };
		BE009AE81B1C479400DE9530 /* libicucore.dylib in Frameworks */ = {isa = PBXBuildFile; fileRef = BE009AE71B1C479400DE9530 /* libicucore.dylib */; };
		BE009AEA1B1C47A500DE9530 /* libsqlite3.dylib in Frameworks */ = {isa = PBXBuildFile; fileRef = BE009AE91B1C47A500DE9530 /* libsqlite3.dylib */; };
		BE009AEC1B1C47B100DE9530 /* AVFoundation.framework in Frameworks */ = {isa = PBXBuildFile; fileRef = BE009AEB1B1C47B100DE9530 /* AVFoundation.framework */; };
		BE009AEE1B1C47BE00DE9530 /* MediaPlayer.framework in Frameworks */ = {isa = PBXBuildFile; fileRef = BE009AED1B1C47BE00DE9530 /* MediaPlayer.framework */; };
		BE7EFC621E24E1CE00E1E579 /* GoogleMobileAds.framework in Frameworks */ = {isa = PBXBuildFile; fileRef = BE7EFC5E1E24E1CE00E1E579 /* GoogleMobileAds.framework */; };
		BE7EFC631E24E1CE00E1E579 /* baidumobadsdk.bundle in Resources */ = {isa = PBXBuildFile; fileRef = BE7EFC601E24E1CE00E1E579 /* baidumobadsdk.bundle */; };
		BE7EFC641E24E1CE00E1E579 /* BaiduMobAdSDK.framework in Frameworks */ = {isa = PBXBuildFile; fileRef = BE7EFC611E24E1CE00E1E579 /* BaiduMobAdSDK.framework */; };
		BE7EFC661E24E45B00E1E579 /* GLKit.framework in Frameworks */ = {isa = PBXBuildFile; fileRef = BE7EFC651E24E45B00E1E579 /* GLKit.framework */; };
		BE7EFC681E24E47B00E1E579 /* SafariServices.framework in Frameworks */ = {isa = PBXBuildFile; fileRef = BE7EFC671E24E47B00E1E579 /* SafariServices.framework */; };
		BE7EFC6A1E24E48600E1E579 /* libc++.tbd in Frameworks */ = {isa = PBXBuildFile; fileRef = BE7EFC691E24E48600E1E579 /* libc++.tbd */; };
		BE7EFC781E26160D00E1E579 /* NSDate+convenience.m in Sources */ = {isa = PBXBuildFile; fileRef = BE7EFC6D1E26160D00E1E579 /* NSDate+convenience.m */; };
		BE7EFC791E26160D00E1E579 /* NSDate+Helpers.m in Sources */ = {isa = PBXBuildFile; fileRef = BE7EFC6F1E26160D00E1E579 /* NSDate+Helpers.m */; };
		BE7EFC7A1E26160D00E1E579 /* NSMutableArray+convenience.m in Sources */ = {isa = PBXBuildFile; fileRef = BE7EFC711E26160D00E1E579 /* NSMutableArray+convenience.m */; settings = {COMPILER_FLAGS = "-fno-objc-arc"; }; };
		BE7EFC7B1E26160D00E1E579 /* UIColor+expanded.m in Sources */ = {isa = PBXBuildFile; fileRef = BE7EFC731E26160D00E1E579 /* UIColor+expanded.m */; };
		BE7EFC7C1E26160D00E1E579 /* UIView+convenience.m in Sources */ = {isa = PBXBuildFile; fileRef = BE7EFC751E26160D00E1E579 /* UIView+convenience.m */; };
		BE7EFC7D1E26160D00E1E579 /* VRGCalendarView.m in Sources */ = {isa = PBXBuildFile; fileRef = BE7EFC771E26160D00E1E579 /* VRGCalendarView.m */; };
		E68C8E7A1E0E2225006029D1 /* KSBBaseVC.m in Sources */ = {isa = PBXBuildFile; fileRef = E68C8E691E0E2225006029D1 /* KSBBaseVC.m */; };
		E68C8E7B1E0E2225006029D1 /* KSBCalculateBaseV.m in Sources */ = {isa = PBXBuildFile; fileRef = E68C8E6B1E0E2225006029D1 /* KSBCalculateBaseV.m */; };
		E68C8E7C1E0E2225006029D1 /* KSBCalculateEditVC.m in Sources */ = {isa = PBXBuildFile; fileRef = E68C8E6D1E0E2225006029D1 /* KSBCalculateEditVC.m */; };
		E68C8E7D1E0E2225006029D1 /* KSBCalculateQuestion1V.m in Sources */ = {isa = PBXBuildFile; fileRef = E68C8E6F1E0E2225006029D1 /* KSBCalculateQuestion1V.m */; };
		E68C8E7E1E0E2225006029D1 /* KSBCalculateQuestion2V.m in Sources */ = {isa = PBXBuildFile; fileRef = E68C8E711E0E2225006029D1 /* KSBCalculateQuestion2V.m */; };
		E68C8E7F1E0E2225006029D1 /* KSBEditAddV.m in Sources */ = {isa = PBXBuildFile; fileRef = E68C8E731E0E2225006029D1 /* KSBEditAddV.m */; };
		E68C8E801E0E2225006029D1 /* KSBMainCalculateVC.m in Sources */ = {isa = PBXBuildFile; fileRef = E68C8E751E0E2225006029D1 /* KSBMainCalculateVC.m */; };
		E68C8E811E0E2225006029D1 /* KSBQuestionSelectVC.m in Sources */ = {isa = PBXBuildFile; fileRef = E68C8E771E0E2225006029D1 /* KSBQuestionSelectVC.m */; };
		E68C8E821E0E2225006029D1 /* KSBRootVC.m in Sources */ = {isa = PBXBuildFile; fileRef = E68C8E791E0E2225006029D1 /* KSBRootVC.m */; };
		E68C8E851E0E22A2006029D1 /* KSBRootNewVC.m in Sources */ = {isa = PBXBuildFile; fileRef = E68C8E841E0E22A2006029D1 /* KSBRootNewVC.m */; };
		E68C8E881E0E28C2006029D1 /* KSBRootBtn1VC.m in Sources */ = {isa = PBXBuildFile; fileRef = E68C8E871E0E28C2006029D1 /* KSBRootBtn1VC.m */; };
		E68C8E8B1E0E28D3006029D1 /* KSBHistoryVC.m in Sources */ = {isa = PBXBuildFile; fileRef = E68C8E8A1E0E28D3006029D1 /* KSBHistoryVC.m */; };
		E68C8E8E1E0E3F5A006029D1 /* BmobSDK.framework in Frameworks */ = {isa = PBXBuildFile; fileRef = E68C8E8D1E0E3F5A006029D1 /* BmobSDK.framework */; };
		E68C8E911E0E5188006029D1 /* KSBSelectedVC.m in Sources */ = {isa = PBXBuildFile; fileRef = E68C8E901E0E5188006029D1 /* KSBSelectedVC.m */; };
		E68C8E941E0E6FA8006029D1 /* KSBHistoryInfo.m in Sources */ = {isa = PBXBuildFile; fileRef = E68C8E931E0E6FA8006029D1 /* KSBHistoryInfo.m */; };
/* End PBXBuildFile section */

/* Begin PBXFileReference section */
		040FFB921B24892500553DD7 /* Accelerate.framework */ = {isa = PBXFileReference; lastKnownFileType = wrapper.framework; name = Accelerate.framework; path = System/Library/Frameworks/Accelerate.framework; sourceTree = SDKROOT; };
		040FFB941B24893B00553DD7 /* CoreText.framework */ = {isa = PBXFileReference; lastKnownFileType = wrapper.framework; name = CoreText.framework; path = System/Library/Frameworks/CoreText.framework; sourceTree = SDKROOT; };
		040FFB981B24899F00553DD7 /* CoreAudio.framework */ = {isa = PBXFileReference; lastKnownFileType = wrapper.framework; name = CoreAudio.framework; path = System/Library/Frameworks/CoreAudio.framework; sourceTree = SDKROOT; };
		040FFB9A1B2489AD00553DD7 /* CoreBluetooth.framework */ = {isa = PBXFileReference; lastKnownFileType = wrapper.framework; name = CoreBluetooth.framework; path = System/Library/Frameworks/CoreBluetooth.framework; sourceTree = SDKROOT; };
		040FFB9C1B2489BD00553DD7 /* CoreFoundation.framework */ = {isa = PBXFileReference; lastKnownFileType = wrapper.framework; name = CoreFoundation.framework; path = System/Library/Frameworks/CoreFoundation.framework; sourceTree = SDKROOT; };
		040FFB9E1B2489C700553DD7 /* CoreImage.framework */ = {isa = PBXFileReference; lastKnownFileType = wrapper.framework; name = CoreImage.framework; path = System/Library/Frameworks/CoreImage.framework; sourceTree = SDKROOT; };
		040FFBA01B2489DC00553DD7 /* CoreVideo.framework */ = {isa = PBXFileReference; lastKnownFileType = wrapper.framework; name = CoreVideo.framework; path = System/Library/Frameworks/CoreVideo.framework; sourceTree = SDKROOT; };
		040FFBA21B2489EE00553DD7 /* GameKit.framework */ = {isa = PBXFileReference; lastKnownFileType = wrapper.framework; name = GameKit.framework; path = System/Library/Frameworks/GameKit.framework; sourceTree = SDKROOT; };
		040FFBA41B2489FB00553DD7 /* ImageIO.framework */ = {isa = PBXFileReference; lastKnownFileType = wrapper.framework; name = ImageIO.framework; path = System/Library/Frameworks/ImageIO.framework; sourceTree = SDKROOT; };
		040FFBA61B248A1600553DD7 /* OpenGLES.framework */ = {isa = PBXFileReference; lastKnownFileType = wrapper.framework; name = OpenGLES.framework; path = System/Library/Frameworks/OpenGLES.framework; sourceTree = SDKROOT; };
		040FFBA81B248B6F00553DD7 /* libxml2.dylib */ = {isa = PBXFileReference; lastKnownFileType = "compiled.mach-o.dylib"; name = libxml2.dylib; path = usr/lib/libxml2.dylib; sourceTree = SDKROOT; };
		040FFBAA1B248BA100553DD7 /* MessageUI.framework */ = {isa = PBXFileReference; lastKnownFileType = wrapper.framework; name = MessageUI.framework; path = System/Library/Frameworks/MessageUI.framework; sourceTree = SDKROOT; };
		040FFBAC1B248C0000553DD7 /* MediaToolbox.framework */ = {isa = PBXFileReference; lastKnownFileType = wrapper.framework; name = MediaToolbox.framework; path = System/Library/Frameworks/MediaToolbox.framework; sourceTree = SDKROOT; };
		04C70B651B2479EB0034BF19 /* libMobClickLibrary.a */ = {isa = PBXFileReference; lastKnownFileType = archive.ar; path = libMobClickLibrary.a; sourceTree = "<group>"; };
		04C70B661B2479EB0034BF19 /* MobClick.h */ = {isa = PBXFileReference; fileEncoding = 4; lastKnownFileType = sourcecode.c.h; path = MobClick.h; sourceTree = "<group>"; };
		04C70B671B2479EB0034BF19 /* MobClickSocialAnalytics.h */ = {isa = PBXFileReference; fileEncoding = 4; lastKnownFileType = sourcecode.c.h; path = MobClickSocialAnalytics.h; sourceTree = "<group>"; };
		04C70B691B247A7B0034BF19 /* AddressBook.framework */ = {isa = PBXFileReference; lastKnownFileType = wrapper.framework; name = AddressBook.framework; path = System/Library/Frameworks/AddressBook.framework; sourceTree = SDKROOT; };
		04C70B6D1B247A880034BF19 /* AdSupport.framework */ = {isa = PBXFileReference; lastKnownFileType = wrapper.framework; name = AdSupport.framework; path = System/Library/Frameworks/AdSupport.framework; sourceTree = SDKROOT; };
		04C70B6F1B247A950034BF19 /* AudioToolbox.framework */ = {isa = PBXFileReference; lastKnownFileType = wrapper.framework; name = AudioToolbox.framework; path = System/Library/Frameworks/AudioToolbox.framework; sourceTree = SDKROOT; };
		04C70B731B247AB50034BF19 /* CoreMedia.framework */ = {isa = PBXFileReference; lastKnownFileType = wrapper.framework; name = CoreMedia.framework; path = System/Library/Frameworks/CoreMedia.framework; sourceTree = SDKROOT; };
		04C70B751B247AC10034BF19 /* CoreMotion.framework */ = {isa = PBXFileReference; lastKnownFileType = wrapper.framework; name = CoreMotion.framework; path = System/Library/Frameworks/CoreMotion.framework; sourceTree = SDKROOT; };
		04C70B771B247ACF0034BF19 /* EventKit.framework */ = {isa = PBXFileReference; lastKnownFileType = wrapper.framework; name = EventKit.framework; path = System/Library/Frameworks/EventKit.framework; sourceTree = SDKROOT; };
		04C70B781B247ACF0034BF19 /* EventKitUI.framework */ = {isa = PBXFileReference; lastKnownFileType = wrapper.framework; name = EventKitUI.framework; path = System/Library/Frameworks/EventKitUI.framework; sourceTree = SDKROOT; };
		04C70B7B1B247ADA0034BF19 /* Foundation.framework */ = {isa = PBXFileReference; lastKnownFileType = wrapper.framework; name = Foundation.framework; path = System/Library/Frameworks/Foundation.framework; sourceTree = SDKROOT; };
		04C70B7D1B247AE30034BF19 /* iAd.framework */ = {isa = PBXFileReference; lastKnownFileType = wrapper.framework; name = iAd.framework; path = System/Library/Frameworks/iAd.framework; sourceTree = SDKROOT; };
		04C70B7F1B247AF00034BF19 /* MapKit.framework */ = {isa = PBXFileReference; lastKnownFileType = wrapper.framework; name = MapKit.framework; path = System/Library/Frameworks/MapKit.framework; sourceTree = SDKROOT; };
		04C70B831B247B060034BF19 /* PassKit.framework */ = {isa = PBXFileReference; lastKnownFileType = wrapper.framework; name = PassKit.framework; path = System/Library/Frameworks/PassKit.framework; sourceTree = SDKROOT; };
		04C70B851B247B100034BF19 /* QuartzCore.framework */ = {isa = PBXFileReference; lastKnownFileType = wrapper.framework; name = QuartzCore.framework; path = System/Library/Frameworks/QuartzCore.framework; sourceTree = SDKROOT; };
		04C70B871B247B1B0034BF19 /* Social.framework */ = {isa = PBXFileReference; lastKnownFileType = wrapper.framework; name = Social.framework; path = System/Library/Frameworks/Social.framework; sourceTree = SDKROOT; };
		04C70B891B247B250034BF19 /* StoreKit.framework */ = {isa = PBXFileReference; lastKnownFileType = wrapper.framework; name = StoreKit.framework; path = System/Library/Frameworks/StoreKit.framework; sourceTree = SDKROOT; };
		04C70B8B1B247B310034BF19 /* UIKit.framework */ = {isa = PBXFileReference; lastKnownFileType = wrapper.framework; name = UIKit.framework; path = System/Library/Frameworks/UIKit.framework; sourceTree = SDKROOT; };
		BE009A2F1B155E1A00DE9530 /* KenStockBallot.app */ = {isa = PBXFileReference; explicitFileType = wrapper.application; includeInIndex = 0; path = KenStockBallot.app; sourceTree = BUILT_PRODUCTS_DIR; };
		BE009A331B155E1A00DE9530 /* Info.plist */ = {isa = PBXFileReference; lastKnownFileType = text.plist.xml; path = Info.plist; sourceTree = "<group>"; };
		BE009A341B155E1A00DE9530 /* main.m */ = {isa = PBXFileReference; lastKnownFileType = sourcecode.c.objc; path = main.m; sourceTree = "<group>"; };
		BE009A421B155E1A00DE9530 /* Base */ = {isa = PBXFileReference; lastKnownFileType = file.xib; name = Base; path = Base.lproj/LaunchScreen.xib; sourceTree = "<group>"; };
		BE009A591B155F5A00DE9530 /* AppDelegate.h */ = {isa = PBXFileReference; fileEncoding = 4; lastKnownFileType = sourcecode.c.h; path = AppDelegate.h; sourceTree = "<group>"; };
		BE009A5A1B155F5A00DE9530 /* AppDelegate.m */ = {isa = PBXFileReference; fileEncoding = 4; lastKnownFileType = sourcecode.c.objc; path = AppDelegate.m; sourceTree = "<group>"; };
		BE009A671B15697100DE9530 /* KenConfig.h */ = {isa = PBXFileReference; fileEncoding = 4; lastKnownFileType = sourcecode.c.h; path = KenConfig.h; sourceTree = "<group>"; };
		BE009A6A1B15697100DE9530 /* NSArray+KenArray.h */ = {isa = PBXFileReference; fileEncoding = 4; lastKnownFileType = sourcecode.c.h; path = "NSArray+KenArray.h"; sourceTree = "<group>"; };
		BE009A6B1B15697100DE9530 /* NSArray+KenArray.m */ = {isa = PBXFileReference; fileEncoding = 4; lastKnownFileType = sourcecode.c.objc; path = "NSArray+KenArray.m"; sourceTree = "<group>"; };
		BE009A6C1B15697100DE9530 /* NSMutableArray+KenMutableArray.h */ = {isa = PBXFileReference; fileEncoding = 4; lastKnownFileType = sourcecode.c.h; path = "NSMutableArray+KenMutableArray.h"; sourceTree = "<group>"; };
		BE009A6D1B15697100DE9530 /* NSMutableArray+KenMutableArray.m */ = {isa = PBXFileReference; fileEncoding = 4; lastKnownFileType = sourcecode.c.objc; path = "NSMutableArray+KenMutableArray.m"; sourceTree = "<group>"; };
		BE009A6E1B15697100DE9530 /* NSMutableDictionary+KenMutableDictionary.h */ = {isa = PBXFileReference; fileEncoding = 4; lastKnownFileType = sourcecode.c.h; path = "NSMutableDictionary+KenMutableDictionary.h"; sourceTree = "<group>"; };
		BE009A6F1B15697100DE9530 /* NSMutableDictionary+KenMutableDictionary.m */ = {isa = PBXFileReference; fileEncoding = 4; lastKnownFileType = sourcecode.c.objc; path = "NSMutableDictionary+KenMutableDictionary.m"; sourceTree = "<group>"; };
		BE009A701B15697100DE9530 /* NSMutableString+KenMutableString.h */ = {isa = PBXFileReference; fileEncoding = 4; lastKnownFileType = sourcecode.c.h; path = "NSMutableString+KenMutableString.h"; sourceTree = "<group>"; };
		BE009A711B15697100DE9530 /* NSMutableString+KenMutableString.m */ = {isa = PBXFileReference; fileEncoding = 4; lastKnownFileType = sourcecode.c.objc; path = "NSMutableString+KenMutableString.m"; sourceTree = "<group>"; };
		BE009A721B15697100DE9530 /* NSNull+KenNull.h */ = {isa = PBXFileReference; fileEncoding = 4; lastKnownFileType = sourcecode.c.h; path = "NSNull+KenNull.h"; sourceTree = "<group>"; };
		BE009A731B15697200DE9530 /* NSNull+KenNull.m */ = {isa = PBXFileReference; fileEncoding = 4; lastKnownFileType = sourcecode.c.objc; path = "NSNull+KenNull.m"; sourceTree = "<group>"; };
		BE009A741B15697200DE9530 /* NSObject+KenObject.h */ = {isa = PBXFileReference; fileEncoding = 4; lastKnownFileType = sourcecode.c.h; path = "NSObject+KenObject.h"; sourceTree = "<group>"; };
		BE009A751B15697200DE9530 /* NSObject+KenObject.m */ = {isa = PBXFileReference; fileEncoding = 4; lastKnownFileType = sourcecode.c.objc; path = "NSObject+KenObject.m"; sourceTree = "<group>"; };
		BE009A761B15697200DE9530 /* NSString+KenString.h */ = {isa = PBXFileReference; fileEncoding = 4; lastKnownFileType = sourcecode.c.h; path = "NSString+KenString.h"; sourceTree = "<group>"; };
		BE009A771B15697200DE9530 /* NSString+KenString.m */ = {isa = PBXFileReference; fileEncoding = 4; lastKnownFileType = sourcecode.c.objc; path = "NSString+KenString.m"; sourceTree = "<group>"; };
		BE009A781B15697200DE9530 /* UIColor+KenColor.h */ = {isa = PBXFileReference; fileEncoding = 4; lastKnownFileType = sourcecode.c.h; path = "UIColor+KenColor.h"; sourceTree = "<group>"; };
		BE009A791B15697200DE9530 /* UIColor+KenColor.m */ = {isa = PBXFileReference; fileEncoding = 4; lastKnownFileType = sourcecode.c.objc; path = "UIColor+KenColor.m"; sourceTree = "<group>"; };
		BE009A7A1B15697200DE9530 /* UIDevice+IdentifierAddition.h */ = {isa = PBXFileReference; fileEncoding = 4; lastKnownFileType = sourcecode.c.h; path = "UIDevice+IdentifierAddition.h"; sourceTree = "<group>"; };
		BE009A7B1B15697200DE9530 /* UIDevice+IdentifierAddition.m */ = {isa = PBXFileReference; fileEncoding = 4; lastKnownFileType = sourcecode.c.objc; path = "UIDevice+IdentifierAddition.m"; sourceTree = "<group>"; };
		BE009A7C1B15697200DE9530 /* UIFont+KenFont.h */ = {isa = PBXFileReference; fileEncoding = 4; lastKnownFileType = sourcecode.c.h; path = "UIFont+KenFont.h"; sourceTree = "<group>"; };
		BE009A7D1B15697200DE9530 /* UIFont+KenFont.m */ = {isa = PBXFileReference; fileEncoding = 4; lastKnownFileType = sourcecode.c.objc; path = "UIFont+KenFont.m"; sourceTree = "<group>"; };
		BE009A7E1B15697200DE9530 /* UIImage+KenImage.h */ = {isa = PBXFileReference; fileEncoding = 4; lastKnownFileType = sourcecode.c.h; path = "UIImage+KenImage.h"; sourceTree = "<group>"; };
		BE009A7F1B15697200DE9530 /* UIImage+KenImage.m */ = {isa = PBXFileReference; fileEncoding = 4; lastKnownFileType = sourcecode.c.objc; path = "UIImage+KenImage.m"; sourceTree = "<group>"; };
		BE009A801B15697200DE9530 /* UIView+KenUIView.h */ = {isa = PBXFileReference; fileEncoding = 4; lastKnownFileType = sourcecode.c.h; path = "UIView+KenUIView.h"; sourceTree = "<group>"; };
		BE009A811B15697200DE9530 /* UIView+KenUIView.m */ = {isa = PBXFileReference; fileEncoding = 4; lastKnownFileType = sourcecode.c.objc; path = "UIView+KenUIView.m"; sourceTree = "<group>"; };
		BE009A821B15697200DE9530 /* KenUtils.h */ = {isa = PBXFileReference; fileEncoding = 4; lastKnownFileType = sourcecode.c.h; path = KenUtils.h; sourceTree = "<group>"; };
		BE009A831B15697200DE9530 /* KenUtils.m */ = {isa = PBXFileReference; fileEncoding = 4; lastKnownFileType = sourcecode.c.objc; path = KenUtils.m; sourceTree = "<group>"; };
		BE009A911B1569AB00DE9530 /* PrefixHeader.pch */ = {isa = PBXFileReference; lastKnownFileType = sourcecode.c.h; path = PrefixHeader.pch; sourceTree = "<group>"; };
		BE009A921B156AD500DE9530 /* Localizable.strings */ = {isa = PBXFileReference; fileEncoding = 4; lastKnownFileType = text.plist.strings; path = Localizable.strings; sourceTree = "<group>"; };
		BE009A941B156AED00DE9530 /* InfoPlist.strings */ = {isa = PBXFileReference; fileEncoding = 4; lastKnownFileType = text.plist.strings; path = InfoPlist.strings; sourceTree = "<group>"; };
		BE009A981B1573F900DE9530 /* KSBStockInfo.h */ = {isa = PBXFileReference; fileEncoding = 4; lastKnownFileType = sourcecode.c.h; path = KSBStockInfo.h; sourceTree = "<group>"; };
		BE009A991B1573F900DE9530 /* KSBStockInfo.m */ = {isa = PBXFileReference; fileEncoding = 4; lastKnownFileType = sourcecode.c.objc; path = KSBStockInfo.m; sourceTree = "<group>"; };
		BE009A9B1B15740800DE9530 /* KSBModel.h */ = {isa = PBXFileReference; fileEncoding = 4; lastKnownFileType = sourcecode.c.h; path = KSBModel.h; sourceTree = "<group>"; };
		BE009A9C1B15740800DE9530 /* KSBModel.m */ = {isa = PBXFileReference; fileEncoding = 4; lastKnownFileType = sourcecode.c.objc; path = KSBModel.m; sourceTree = "<group>"; };
		BE009AA41B16A45400DE9530 /* KSBModelDefines.h */ = {isa = PBXFileReference; lastKnownFileType = sourcecode.c.h; name = KSBModelDefines.h; path = DataObject/KSBModelDefines.h; sourceTree = "<group>"; };
		BE009AA81B180CA100DE9530 /* Images.xcassets */ = {isa = PBXFileReference; lastKnownFileType = folder.assetcatalog; name = Images.xcassets; path = ../Images.xcassets; sourceTree = "<group>"; };
		BE009AD71B1C473800DE9530 /* CoreLocation.framework */ = {isa = PBXFileReference; lastKnownFileType = wrapper.framework; name = CoreLocation.framework; path = System/Library/Frameworks/CoreLocation.framework; sourceTree = SDKROOT; };
		BE009AD91B1C474100DE9530 /* Security.framework */ = {isa = PBXFileReference; lastKnownFileType = wrapper.framework; name = Security.framework; path = System/Library/Frameworks/Security.framework; sourceTree = SDKROOT; };
		BE009ADB1B1C474A00DE9530 /* CoreGraphics.framework */ = {isa = PBXFileReference; lastKnownFileType = wrapper.framework; name = CoreGraphics.framework; path = System/Library/Frameworks/CoreGraphics.framework; sourceTree = SDKROOT; };
		BE009ADD1B1C475300DE9530 /* MobileCoreServices.framework */ = {isa = PBXFileReference; lastKnownFileType = wrapper.framework; name = MobileCoreServices.framework; path = System/Library/Frameworks/MobileCoreServices.framework; sourceTree = SDKROOT; };
		BE009ADF1B1C475C00DE9530 /* CFNetwork.framework */ = {isa = PBXFileReference; lastKnownFileType = wrapper.framework; name = CFNetwork.framework; path = System/Library/Frameworks/CFNetwork.framework; sourceTree = SDKROOT; };
		BE009AE11B1C476500DE9530 /* CoreTelephony.framework */ = {isa = PBXFileReference; lastKnownFileType = wrapper.framework; name = CoreTelephony.framework; path = System/Library/Frameworks/CoreTelephony.framework; sourceTree = SDKROOT; };
		BE009AE31B1C476F00DE9530 /* SystemConfiguration.framework */ = {isa = PBXFileReference; lastKnownFileType = wrapper.framework; name = SystemConfiguration.framework; path = System/Library/Frameworks/SystemConfiguration.framework; sourceTree = SDKROOT; };
		BE009AE51B1C477F00DE9530 /* libz.1.2.5.dylib */ = {isa = PBXFileReference; lastKnownFileType = "compiled.mach-o.dylib"; name = libz.1.2.5.dylib; path = usr/lib/libz.1.2.5.dylib; sourceTree = SDKROOT; };
		BE009AE71B1C479400DE9530 /* libicucore.dylib */ = {isa = PBXFileReference; lastKnownFileType = "compiled.mach-o.dylib"; name = libicucore.dylib; path = usr/lib/libicucore.dylib; sourceTree = SDKROOT; };
		BE009AE91B1C47A500DE9530 /* libsqlite3.dylib */ = {isa = PBXFileReference; lastKnownFileType = "compiled.mach-o.dylib"; name = libsqlite3.dylib; path = usr/lib/libsqlite3.dylib; sourceTree = SDKROOT; };
		BE009AEB1B1C47B100DE9530 /* AVFoundation.framework */ = {isa = PBXFileReference; lastKnownFileType = wrapper.framework; name = AVFoundation.framework; path = System/Library/Frameworks/AVFoundation.framework; sourceTree = SDKROOT; };
		BE009AED1B1C47BE00DE9530 /* MediaPlayer.framework */ = {isa = PBXFileReference; lastKnownFileType = wrapper.framework; name = MediaPlayer.framework; path = System/Library/Frameworks/MediaPlayer.framework; sourceTree = SDKROOT; };
		BE7EFC5E1E24E1CE00E1E579 /* GoogleMobileAds.framework */ = {isa = PBXFileReference; lastKnownFileType = wrapper.framework; path = GoogleMobileAds.framework; sourceTree = "<group>"; };
		BE7EFC601E24E1CE00E1E579 /* baidumobadsdk.bundle */ = {isa = PBXFileReference; lastKnownFileType = "wrapper.plug-in"; path = baidumobadsdk.bundle; sourceTree = "<group>"; };
		BE7EFC611E24E1CE00E1E579 /* BaiduMobAdSDK.framework */ = {isa = PBXFileReference; lastKnownFileType = wrapper.framework; path = BaiduMobAdSDK.framework; sourceTree = "<group>"; };
		BE7EFC651E24E45B00E1E579 /* GLKit.framework */ = {isa = PBXFileReference; lastKnownFileType = wrapper.framework; name = GLKit.framework; path = System/Library/Frameworks/GLKit.framework; sourceTree = SDKROOT; };
		BE7EFC671E24E47B00E1E579 /* SafariServices.framework */ = {isa = PBXFileReference; lastKnownFileType = wrapper.framework; name = SafariServices.framework; path = System/Library/Frameworks/SafariServices.framework; sourceTree = SDKROOT; };
		BE7EFC691E24E48600E1E579 /* libc++.tbd */ = {isa = PBXFileReference; lastKnownFileType = "sourcecode.text-based-dylib-definition"; name = "libc++.tbd"; path = "usr/lib/libc++.tbd"; sourceTree = SDKROOT; };
		BE7EFC6C1E26160D00E1E579 /* NSDate+convenience.h */ = {isa = PBXFileReference; fileEncoding = 4; lastKnownFileType = sourcecode.c.h; path = "NSDate+convenience.h"; sourceTree = "<group>"; };
		BE7EFC6D1E26160D00E1E579 /* NSDate+convenience.m */ = {isa = PBXFileReference; fileEncoding = 4; lastKnownFileType = sourcecode.c.objc; path = "NSDate+convenience.m"; sourceTree = "<group>"; };
		BE7EFC6E1E26160D00E1E579 /* NSDate+Helpers.h */ = {isa = PBXFileReference; fileEncoding = 4; lastKnownFileType = sourcecode.c.h; path = "NSDate+Helpers.h"; sourceTree = "<group>"; };
		BE7EFC6F1E26160D00E1E579 /* NSDate+Helpers.m */ = {isa = PBXFileReference; fileEncoding = 4; lastKnownFileType = sourcecode.c.objc; path = "NSDate+Helpers.m"; sourceTree = "<group>"; };
		BE7EFC701E26160D00E1E579 /* NSMutableArray+convenience.h */ = {isa = PBXFileReference; fileEncoding = 4; lastKnownFileType = sourcecode.c.h; path = "NSMutableArray+convenience.h"; sourceTree = "<group>"; };
		BE7EFC711E26160D00E1E579 /* NSMutableArray+convenience.m */ = {isa = PBXFileReference; fileEncoding = 4; lastKnownFileType = sourcecode.c.objc; path = "NSMutableArray+convenience.m"; sourceTree = "<group>"; };
		BE7EFC721E26160D00E1E579 /* UIColor+expanded.h */ = {isa = PBXFileReference; fileEncoding = 4; lastKnownFileType = sourcecode.c.h; path = "UIColor+expanded.h"; sourceTree = "<group>"; };
		BE7EFC731E26160D00E1E579 /* UIColor+expanded.m */ = {isa = PBXFileReference; fileEncoding = 4; lastKnownFileType = sourcecode.c.objc; path = "UIColor+expanded.m"; sourceTree = "<group>"; };
		BE7EFC741E26160D00E1E579 /* UIView+convenience.h */ = {isa = PBXFileReference; fileEncoding = 4; lastKnownFileType = sourcecode.c.h; path = "UIView+convenience.h"; sourceTree = "<group>"; };
		BE7EFC751E26160D00E1E579 /* UIView+convenience.m */ = {isa = PBXFileReference; fileEncoding = 4; lastKnownFileType = sourcecode.c.objc; path = "UIView+convenience.m"; sourceTree = "<group>"; };
		BE7EFC761E26160D00E1E579 /* VRGCalendarView.h */ = {isa = PBXFileReference; fileEncoding = 4; lastKnownFileType = sourcecode.c.h; path = VRGCalendarView.h; sourceTree = "<group>"; };
		BE7EFC771E26160D00E1E579 /* VRGCalendarView.m */ = {isa = PBXFileReference; fileEncoding = 4; lastKnownFileType = sourcecode.c.objc; path = VRGCalendarView.m; sourceTree = "<group>"; };
		E68C8E681E0E2225006029D1 /* KSBBaseVC.h */ = {isa = PBXFileReference; fileEncoding = 4; lastKnownFileType = sourcecode.c.h; path = KSBBaseVC.h; sourceTree = "<group>"; };
		E68C8E691E0E2225006029D1 /* KSBBaseVC.m */ = {isa = PBXFileReference; fileEncoding = 4; lastKnownFileType = sourcecode.c.objc; path = KSBBaseVC.m; sourceTree = "<group>"; };
		E68C8E6A1E0E2225006029D1 /* KSBCalculateBaseV.h */ = {isa = PBXFileReference; fileEncoding = 4; lastKnownFileType = sourcecode.c.h; path = KSBCalculateBaseV.h; sourceTree = "<group>"; };
		E68C8E6B1E0E2225006029D1 /* KSBCalculateBaseV.m */ = {isa = PBXFileReference; fileEncoding = 4; lastKnownFileType = sourcecode.c.objc; path = KSBCalculateBaseV.m; sourceTree = "<group>"; };
		E68C8E6C1E0E2225006029D1 /* KSBCalculateEditVC.h */ = {isa = PBXFileReference; fileEncoding = 4; lastKnownFileType = sourcecode.c.h; path = KSBCalculateEditVC.h; sourceTree = "<group>"; };
		E68C8E6D1E0E2225006029D1 /* KSBCalculateEditVC.m */ = {isa = PBXFileReference; fileEncoding = 4; lastKnownFileType = sourcecode.c.objc; path = KSBCalculateEditVC.m; sourceTree = "<group>"; };
		E68C8E6E1E0E2225006029D1 /* KSBCalculateQuestion1V.h */ = {isa = PBXFileReference; fileEncoding = 4; lastKnownFileType = sourcecode.c.h; path = KSBCalculateQuestion1V.h; sourceTree = "<group>"; };
		E68C8E6F1E0E2225006029D1 /* KSBCalculateQuestion1V.m */ = {isa = PBXFileReference; fileEncoding = 4; lastKnownFileType = sourcecode.c.objc; path = KSBCalculateQuestion1V.m; sourceTree = "<group>"; };
		E68C8E701E0E2225006029D1 /* KSBCalculateQuestion2V.h */ = {isa = PBXFileReference; fileEncoding = 4; lastKnownFileType = sourcecode.c.h; path = KSBCalculateQuestion2V.h; sourceTree = "<group>"; };
		E68C8E711E0E2225006029D1 /* KSBCalculateQuestion2V.m */ = {isa = PBXFileReference; fileEncoding = 4; lastKnownFileType = sourcecode.c.objc; path = KSBCalculateQuestion2V.m; sourceTree = "<group>"; };
		E68C8E721E0E2225006029D1 /* KSBEditAddV.h */ = {isa = PBXFileReference; fileEncoding = 4; lastKnownFileType = sourcecode.c.h; path = KSBEditAddV.h; sourceTree = "<group>"; };
		E68C8E731E0E2225006029D1 /* KSBEditAddV.m */ = {isa = PBXFileReference; fileEncoding = 4; lastKnownFileType = sourcecode.c.objc; path = KSBEditAddV.m; sourceTree = "<group>"; };
		E68C8E741E0E2225006029D1 /* KSBMainCalculateVC.h */ = {isa = PBXFileReference; fileEncoding = 4; lastKnownFileType = sourcecode.c.h; path = KSBMainCalculateVC.h; sourceTree = "<group>"; };
		E68C8E751E0E2225006029D1 /* KSBMainCalculateVC.m */ = {isa = PBXFileReference; fileEncoding = 4; lastKnownFileType = sourcecode.c.objc; path = KSBMainCalculateVC.m; sourceTree = "<group>"; };
		E68C8E761E0E2225006029D1 /* KSBQuestionSelectVC.h */ = {isa = PBXFileReference; fileEncoding = 4; lastKnownFileType = sourcecode.c.h; path = KSBQuestionSelectVC.h; sourceTree = "<group>"; };
		E68C8E771E0E2225006029D1 /* KSBQuestionSelectVC.m */ = {isa = PBXFileReference; fileEncoding = 4; lastKnownFileType = sourcecode.c.objc; path = KSBQuestionSelectVC.m; sourceTree = "<group>"; };
		E68C8E781E0E2225006029D1 /* KSBRootVC.h */ = {isa = PBXFileReference; fileEncoding = 4; lastKnownFileType = sourcecode.c.h; path = KSBRootVC.h; sourceTree = "<group>"; };
		E68C8E791E0E2225006029D1 /* KSBRootVC.m */ = {isa = PBXFileReference; fileEncoding = 4; lastKnownFileType = sourcecode.c.objc; path = KSBRootVC.m; sourceTree = "<group>"; };
		E68C8E831E0E22A2006029D1 /* KSBRootNewVC.h */ = {isa = PBXFileReference; fileEncoding = 4; lastKnownFileType = sourcecode.c.h; path = KSBRootNewVC.h; sourceTree = "<group>"; };
		E68C8E841E0E22A2006029D1 /* KSBRootNewVC.m */ = {isa = PBXFileReference; fileEncoding = 4; lastKnownFileType = sourcecode.c.objc; path = KSBRootNewVC.m; sourceTree = "<group>"; };
		E68C8E861E0E28C2006029D1 /* KSBRootBtn1VC.h */ = {isa = PBXFileReference; fileEncoding = 4; lastKnownFileType = sourcecode.c.h; path = KSBRootBtn1VC.h; sourceTree = "<group>"; };
		E68C8E871E0E28C2006029D1 /* KSBRootBtn1VC.m */ = {isa = PBXFileReference; fileEncoding = 4; lastKnownFileType = sourcecode.c.objc; path = KSBRootBtn1VC.m; sourceTree = "<group>"; };
		E68C8E891E0E28D3006029D1 /* KSBHistoryVC.h */ = {isa = PBXFileReference; fileEncoding = 4; lastKnownFileType = sourcecode.c.h; path = KSBHistoryVC.h; sourceTree = "<group>"; };
		E68C8E8A1E0E28D3006029D1 /* KSBHistoryVC.m */ = {isa = PBXFileReference; fileEncoding = 4; lastKnownFileType = sourcecode.c.objc; path = KSBHistoryVC.m; sourceTree = "<group>"; };
		E68C8E8C1E0E362D006029D1 /* Weakify.h */ = {isa = PBXFileReference; fileEncoding = 4; lastKnownFileType = sourcecode.c.h; path = Weakify.h; sourceTree = "<group>"; };
		E68C8E8D1E0E3F5A006029D1 /* BmobSDK.framework */ = {isa = PBXFileReference; lastKnownFileType = wrapper.framework; path = BmobSDK.framework; sourceTree = "<group>"; };
		E68C8E8F1E0E5188006029D1 /* KSBSelectedVC.h */ = {isa = PBXFileReference; fileEncoding = 4; lastKnownFileType = sourcecode.c.h; path = KSBSelectedVC.h; sourceTree = "<group>"; };
		E68C8E901E0E5188006029D1 /* KSBSelectedVC.m */ = {isa = PBXFileReference; fileEncoding = 4; lastKnownFileType = sourcecode.c.objc; path = KSBSelectedVC.m; sourceTree = "<group>"; };
		E68C8E921E0E6FA8006029D1 /* KSBHistoryInfo.h */ = {isa = PBXFileReference; fileEncoding = 4; lastKnownFileType = sourcecode.c.h; path = KSBHistoryInfo.h; sourceTree = "<group>"; };
		E68C8E931E0E6FA8006029D1 /* KSBHistoryInfo.m */ = {isa = PBXFileReference; fileEncoding = 4; lastKnownFileType = sourcecode.c.objc; path = KSBHistoryInfo.m; sourceTree = "<group>"; };
/* End PBXFileReference section */

/* Begin PBXFrameworksBuildPhase section */
		BE009A2C1B155E1A00DE9530 /* Frameworks */ = {
			isa = PBXFrameworksBuildPhase;
			buildActionMask = 2147483647;
			files = (
				04C70B7E1B247AE30034BF19 /* iAd.framework in Frameworks */,
				BE009AEC1B1C47B100DE9530 /* AVFoundation.framework in Frameworks */,
				BE7EFC6A1E24E48600E1E579 /* libc++.tbd in Frameworks */,
				BE7EFC681E24E47B00E1E579 /* SafariServices.framework in Frameworks */,
				BE7EFC661E24E45B00E1E579 /* GLKit.framework in Frameworks */,
				040FFBAD1B248C0000553DD7 /* MediaToolbox.framework in Frameworks */,
				040FFBAB1B248BA100553DD7 /* MessageUI.framework in Frameworks */,
				040FFBA91B248B6F00553DD7 /* libxml2.dylib in Frameworks */,
				04C70B7C1B247ADA0034BF19 /* Foundation.framework in Frameworks */,
				04C70B841B247B060034BF19 /* PassKit.framework in Frameworks */,
				040FFBA71B248A1600553DD7 /* OpenGLES.framework in Frameworks */,
				040FFBA51B2489FB00553DD7 /* ImageIO.framework in Frameworks */,
				040FFBA31B2489EE00553DD7 /* GameKit.framework in Frameworks */,
				040FFBA11B2489DC00553DD7 /* CoreVideo.framework in Frameworks */,
				BE7EFC641E24E1CE00E1E579 /* BaiduMobAdSDK.framework in Frameworks */,
				040FFB9F1B2489C700553DD7 /* CoreImage.framework in Frameworks */,
				040FFB9D1B2489BD00553DD7 /* CoreFoundation.framework in Frameworks */,
				040FFB9B1B2489AD00553DD7 /* CoreBluetooth.framework in Frameworks */,
				040FFB991B24899F00553DD7 /* CoreAudio.framework in Frameworks */,
				040FFB951B24893B00553DD7 /* CoreText.framework in Frameworks */,
				040FFB931B24892500553DD7 /* Accelerate.framework in Frameworks */,
				04C70B8C1B247B310034BF19 /* UIKit.framework in Frameworks */,
				04C70B8A1B247B250034BF19 /* StoreKit.framework in Frameworks */,
				04C70B881B247B1B0034BF19 /* Social.framework in Frameworks */,
				E68C8E8E1E0E3F5A006029D1 /* BmobSDK.framework in Frameworks */,
				BE7EFC621E24E1CE00E1E579 /* GoogleMobileAds.framework in Frameworks */,
				04C70B861B247B100034BF19 /* QuartzCore.framework in Frameworks */,
				04C70B801B247AF00034BF19 /* MapKit.framework in Frameworks */,
				04C70B791B247ACF0034BF19 /* EventKit.framework in Frameworks */,
				04C70B7A1B247ACF0034BF19 /* EventKitUI.framework in Frameworks */,
				04C70B761B247AC10034BF19 /* CoreMotion.framework in Frameworks */,
				04C70B741B247AB50034BF19 /* CoreMedia.framework in Frameworks */,
				04C70B701B247A950034BF19 /* AudioToolbox.framework in Frameworks */,
				04C70B6E1B247A880034BF19 /* AdSupport.framework in Frameworks */,
				04C70B6B1B247A7B0034BF19 /* AddressBook.framework in Frameworks */,
				BE009AEE1B1C47BE00DE9530 /* MediaPlayer.framework in Frameworks */,
				BE009AEA1B1C47A500DE9530 /* libsqlite3.dylib in Frameworks */,
				BE009AE81B1C479400DE9530 /* libicucore.dylib in Frameworks */,
				BE009AE61B1C477F00DE9530 /* libz.1.2.5.dylib in Frameworks */,
				04C70B681B2479EB0034BF19 /* libMobClickLibrary.a in Frameworks */,
				BE009AE41B1C476F00DE9530 /* SystemConfiguration.framework in Frameworks */,
				BE009AE21B1C476500DE9530 /* CoreTelephony.framework in Frameworks */,
				BE009AE01B1C475C00DE9530 /* CFNetwork.framework in Frameworks */,
				BE009ADE1B1C475300DE9530 /* MobileCoreServices.framework in Frameworks */,
				BE009ADC1B1C474A00DE9530 /* CoreGraphics.framework in Frameworks */,
				BE009ADA1B1C474100DE9530 /* Security.framework in Frameworks */,
				BE009AD81B1C473800DE9530 /* CoreLocation.framework in Frameworks */,
			);
			runOnlyForDeploymentPostprocessing = 0;
		};
/* End PBXFrameworksBuildPhase section */

/* Begin PBXGroup section */
		04C70B641B2479EB0034BF19 /* UM */ = {
			isa = PBXGroup;
			children = (
				04C70B651B2479EB0034BF19 /* libMobClickLibrary.a */,
				04C70B661B2479EB0034BF19 /* MobClick.h */,
				04C70B671B2479EB0034BF19 /* MobClickSocialAnalytics.h */,
			);
			path = UM;
			sourceTree = "<group>";
		};
		BE009A261B155E1A00DE9530 = {
			isa = PBXGroup;
			children = (
				BE009AEF1B1C47D700DE9530 /* Frameworks */,
				BE009A311B155E1A00DE9530 /* KenStockBallot */,
				BE009A301B155E1A00DE9530 /* Products */,
			);
			sourceTree = "<group>";
		};
		BE009A301B155E1A00DE9530 /* Products */ = {
			isa = PBXGroup;
			children = (
				BE009A2F1B155E1A00DE9530 /* KenStockBallot.app */,
			);
			name = Products;
			sourceTree = "<group>";
		};
		BE009A311B155E1A00DE9530 /* KenStockBallot */ = {
			isa = PBXGroup;
			children = (
				BE009A581B155F5A00DE9530 /* Classes */,
				BE009A5F1B155F7400DE9530 /* Resource */,
				BE009A321B155E1A00DE9530 /* Supporting Files */,
			);
			path = KenStockBallot;
			sourceTree = "<group>";
		};
		BE009A321B155E1A00DE9530 /* Supporting Files */ = {
			isa = PBXGroup;
			children = (
				BE009A911B1569AB00DE9530 /* PrefixHeader.pch */,
				BE009A331B155E1A00DE9530 /* Info.plist */,
				BE009A341B155E1A00DE9530 /* main.m */,
			);
			name = "Supporting Files";
			sourceTree = "<group>";
		};
		BE009A581B155F5A00DE9530 /* Classes */ = {
			isa = PBXGroup;
			children = (
				BE009A961B15733500DE9530 /* Model */,
				BE009A671B15697100DE9530 /* KenConfig.h */,
				BE009A681B15697100DE9530 /* Tools */,
				BE009A601B1567F900DE9530 /* ViewController */,
				BE009A591B155F5A00DE9530 /* AppDelegate.h */,
				BE009A5A1B155F5A00DE9530 /* AppDelegate.m */,
			);
			path = Classes;
			sourceTree = "<group>";
		};
		BE009A5F1B155F7400DE9530 /* Resource */ = {
			isa = PBXGroup;
			children = (
				BE009AA81B180CA100DE9530 /* Images.xcassets */,
				BE009A411B155E1A00DE9530 /* LaunchScreen.xib */,
				BE009A921B156AD500DE9530 /* Localizable.strings */,
				BE009A941B156AED00DE9530 /* InfoPlist.strings */,
			);
			path = Resource;
			sourceTree = "<group>";
		};
		BE009A601B1567F900DE9530 /* ViewController */ = {
			isa = PBXGroup;
			children = (
				E68C8E661E0E2225006029D1 /* new */,
				E68C8E671E0E2225006029D1 /* old */,
			);
			path = ViewController;
			sourceTree = "<group>";
		};
		BE009A681B15697100DE9530 /* Tools */ = {
			isa = PBXGroup;
			children = (
				BE7EFC6B1E26160D00E1E579 /* Calendar */,
				BE7EFC5C1E24E1CE00E1E579 /* AdSDK */,
				E68C8E8C1E0E362D006029D1 /* Weakify.h */,
				04C70B641B2479EB0034BF19 /* UM */,
				BE009AD41B1C470D00DE9530 /* Bmob */,
				BE009A691B15697100DE9530 /* Category */,
				BE009A821B15697200DE9530 /* KenUtils.h */,
				BE009A831B15697200DE9530 /* KenUtils.m */,
			);
			path = Tools;
			sourceTree = "<group>";
		};
		BE009A691B15697100DE9530 /* Category */ = {
			isa = PBXGroup;
			children = (
				BE009A6A1B15697100DE9530 /* NSArray+KenArray.h */,
				BE009A6B1B15697100DE9530 /* NSArray+KenArray.m */,
				BE009A6C1B15697100DE9530 /* NSMutableArray+KenMutableArray.h */,
				BE009A6D1B15697100DE9530 /* NSMutableArray+KenMutableArray.m */,
				BE009A6E1B15697100DE9530 /* NSMutableDictionary+KenMutableDictionary.h */,
				BE009A6F1B15697100DE9530 /* NSMutableDictionary+KenMutableDictionary.m */,
				BE009A701B15697100DE9530 /* NSMutableString+KenMutableString.h */,
				BE009A711B15697100DE9530 /* NSMutableString+KenMutableString.m */,
				BE009A721B15697100DE9530 /* NSNull+KenNull.h */,
				BE009A731B15697200DE9530 /* NSNull+KenNull.m */,
				BE009A741B15697200DE9530 /* NSObject+KenObject.h */,
				BE009A751B15697200DE9530 /* NSObject+KenObject.m */,
				BE009A761B15697200DE9530 /* NSString+KenString.h */,
				BE009A771B15697200DE9530 /* NSString+KenString.m */,
				BE009A781B15697200DE9530 /* UIColor+KenColor.h */,
				BE009A791B15697200DE9530 /* UIColor+KenColor.m */,
				BE009A7A1B15697200DE9530 /* UIDevice+IdentifierAddition.h */,
				BE009A7B1B15697200DE9530 /* UIDevice+IdentifierAddition.m */,
				BE009A7C1B15697200DE9530 /* UIFont+KenFont.h */,
				BE009A7D1B15697200DE9530 /* UIFont+KenFont.m */,
				BE009A7E1B15697200DE9530 /* UIImage+KenImage.h */,
				BE009A7F1B15697200DE9530 /* UIImage+KenImage.m */,
				BE009A801B15697200DE9530 /* UIView+KenUIView.h */,
				BE009A811B15697200DE9530 /* UIView+KenUIView.m */,
			);
			path = Category;
			sourceTree = "<group>";
		};
		BE009A961B15733500DE9530 /* Model */ = {
			isa = PBXGroup;
			children = (
				BE009AA41B16A45400DE9530 /* KSBModelDefines.h */,
				BE009A971B15734800DE9530 /* DataObject */,
				BE009A9B1B15740800DE9530 /* KSBModel.h */,
				BE009A9C1B15740800DE9530 /* KSBModel.m */,
			);
			path = Model;
			sourceTree = "<group>";
		};
		BE009A971B15734800DE9530 /* DataObject */ = {
			isa = PBXGroup;
			children = (
				BE009A981B1573F900DE9530 /* KSBStockInfo.h */,
				BE009A991B1573F900DE9530 /* KSBStockInfo.m */,
				E68C8E921E0E6FA8006029D1 /* KSBHistoryInfo.h */,
				E68C8E931E0E6FA8006029D1 /* KSBHistoryInfo.m */,
			);
			path = DataObject;
			sourceTree = "<group>";
		};
		BE009AD41B1C470D00DE9530 /* Bmob */ = {
			isa = PBXGroup;
			children = (
				E68C8E8D1E0E3F5A006029D1 /* BmobSDK.framework */,
			);
			path = Bmob;
			sourceTree = "<group>";
		};
		BE009AEF1B1C47D700DE9530 /* Frameworks */ = {
			isa = PBXGroup;
			children = (
				BE7EFC691E24E48600E1E579 /* libc++.tbd */,
				BE7EFC671E24E47B00E1E579 /* SafariServices.framework */,
				BE7EFC651E24E45B00E1E579 /* GLKit.framework */,
				040FFB921B24892500553DD7 /* Accelerate.framework */,
				04C70B691B247A7B0034BF19 /* AddressBook.framework */,
				04C70B6D1B247A880034BF19 /* AdSupport.framework */,
				04C70B6F1B247A950034BF19 /* AudioToolbox.framework */,
				BE009AEB1B1C47B100DE9530 /* AVFoundation.framework */,
				BE009ADF1B1C475C00DE9530 /* CFNetwork.framework */,
				040FFB981B24899F00553DD7 /* CoreAudio.framework */,
				040FFB9A1B2489AD00553DD7 /* CoreBluetooth.framework */,
				040FFB9C1B2489BD00553DD7 /* CoreFoundation.framework */,
				BE009ADB1B1C474A00DE9530 /* CoreGraphics.framework */,
				040FFB9E1B2489C700553DD7 /* CoreImage.framework */,
				BE009AD71B1C473800DE9530 /* CoreLocation.framework */,
				04C70B731B247AB50034BF19 /* CoreMedia.framework */,
				04C70B751B247AC10034BF19 /* CoreMotion.framework */,
				BE009AE11B1C476500DE9530 /* CoreTelephony.framework */,
				040FFB941B24893B00553DD7 /* CoreText.framework */,
				040FFBA01B2489DC00553DD7 /* CoreVideo.framework */,
				04C70B771B247ACF0034BF19 /* EventKit.framework */,
				04C70B781B247ACF0034BF19 /* EventKitUI.framework */,
				04C70B7B1B247ADA0034BF19 /* Foundation.framework */,
				040FFBA21B2489EE00553DD7 /* GameKit.framework */,
				04C70B7D1B247AE30034BF19 /* iAd.framework */,
				040FFBA41B2489FB00553DD7 /* ImageIO.framework */,
				BE009AE71B1C479400DE9530 /* libicucore.dylib */,
				BE009AE91B1C47A500DE9530 /* libsqlite3.dylib */,
				040FFBA81B248B6F00553DD7 /* libxml2.dylib */,
				BE009AE51B1C477F00DE9530 /* libz.1.2.5.dylib */,
				04C70B7F1B247AF00034BF19 /* MapKit.framework */,
				BE009AED1B1C47BE00DE9530 /* MediaPlayer.framework */,
				040FFBAC1B248C0000553DD7 /* MediaToolbox.framework */,
				040FFBAA1B248BA100553DD7 /* MessageUI.framework */,
				BE009ADD1B1C475300DE9530 /* MobileCoreServices.framework */,
				040FFBA61B248A1600553DD7 /* OpenGLES.framework */,
				04C70B831B247B060034BF19 /* PassKit.framework */,
				04C70B851B247B100034BF19 /* QuartzCore.framework */,
				BE009AD91B1C474100DE9530 /* Security.framework */,
				04C70B871B247B1B0034BF19 /* Social.framework */,
				04C70B891B247B250034BF19 /* StoreKit.framework */,
				BE009AE31B1C476F00DE9530 /* SystemConfiguration.framework */,
				04C70B8B1B247B310034BF19 /* UIKit.framework */,
			);
			name = Frameworks;
			sourceTree = "<group>";
		};
		BE7EFC5C1E24E1CE00E1E579 /* AdSDK */ = {
			isa = PBXGroup;
			children = (
				BE7EFC5D1E24E1CE00E1E579 /* admob */,
				BE7EFC5F1E24E1CE00E1E579 /* baidu */,
			);
			path = AdSDK;
			sourceTree = "<group>";
		};
		BE7EFC5D1E24E1CE00E1E579 /* admob */ = {
			isa = PBXGroup;
			children = (
				BE7EFC5E1E24E1CE00E1E579 /* GoogleMobileAds.framework */,
			);
			path = admob;
			sourceTree = "<group>";
		};
		BE7EFC5F1E24E1CE00E1E579 /* baidu */ = {
			isa = PBXGroup;
			children = (
				BE7EFC601E24E1CE00E1E579 /* baidumobadsdk.bundle */,
				BE7EFC611E24E1CE00E1E579 /* BaiduMobAdSDK.framework */,
			);
			path = baidu;
			sourceTree = "<group>";
		};
		BE7EFC6B1E26160D00E1E579 /* Calendar */ = {
			isa = PBXGroup;
			children = (
				BE7EFC6C1E26160D00E1E579 /* NSDate+convenience.h */,
				BE7EFC6D1E26160D00E1E579 /* NSDate+convenience.m */,
				BE7EFC6E1E26160D00E1E579 /* NSDate+Helpers.h */,
				BE7EFC6F1E26160D00E1E579 /* NSDate+Helpers.m */,
				BE7EFC701E26160D00E1E579 /* NSMutableArray+convenience.h */,
				BE7EFC711E26160D00E1E579 /* NSMutableArray+convenience.m */,
				BE7EFC721E26160D00E1E579 /* UIColor+expanded.h */,
				BE7EFC731E26160D00E1E579 /* UIColor+expanded.m */,
				BE7EFC741E26160D00E1E579 /* UIView+convenience.h */,
				BE7EFC751E26160D00E1E579 /* UIView+convenience.m */,
				BE7EFC761E26160D00E1E579 /* VRGCalendarView.h */,
				BE7EFC771E26160D00E1E579 /* VRGCalendarView.m */,
			);
			path = Calendar;
			sourceTree = "<group>";
		};
		E68C8E661E0E2225006029D1 /* new */ = {
			isa = PBXGroup;
			children = (
				E68C8E831E0E22A2006029D1 /* KSBRootNewVC.h */,
				E68C8E841E0E22A2006029D1 /* KSBRootNewVC.m */,
				E68C8E861E0E28C2006029D1 /* KSBRootBtn1VC.h */,
				E68C8E871E0E28C2006029D1 /* KSBRootBtn1VC.m */,
				E68C8E891E0E28D3006029D1 /* KSBHistoryVC.h */,
				E68C8E8A1E0E28D3006029D1 /* KSBHistoryVC.m */,
				E68C8E8F1E0E5188006029D1 /* KSBSelectedVC.h */,
				E68C8E901E0E5188006029D1 /* KSBSelectedVC.m */,
			);
			path = new;
			sourceTree = "<group>";
		};
		E68C8E671E0E2225006029D1 /* old */ = {
			isa = PBXGroup;
			children = (
				E68C8E681E0E2225006029D1 /* KSBBaseVC.h */,
				E68C8E691E0E2225006029D1 /* KSBBaseVC.m */,
				E68C8E6A1E0E2225006029D1 /* KSBCalculateBaseV.h */,
				E68C8E6B1E0E2225006029D1 /* KSBCalculateBaseV.m */,
				E68C8E6C1E0E2225006029D1 /* KSBCalculateEditVC.h */,
				E68C8E6D1E0E2225006029D1 /* KSBCalculateEditVC.m */,
				E68C8E6E1E0E2225006029D1 /* KSBCalculateQuestion1V.h */,
				E68C8E6F1E0E2225006029D1 /* KSBCalculateQuestion1V.m */,
				E68C8E701E0E2225006029D1 /* KSBCalculateQuestion2V.h */,
				E68C8E711E0E2225006029D1 /* KSBCalculateQuestion2V.m */,
				E68C8E721E0E2225006029D1 /* KSBEditAddV.h */,
				E68C8E731E0E2225006029D1 /* KSBEditAddV.m */,
				E68C8E741E0E2225006029D1 /* KSBMainCalculateVC.h */,
				E68C8E751E0E2225006029D1 /* KSBMainCalculateVC.m */,
				E68C8E761E0E2225006029D1 /* KSBQuestionSelectVC.h */,
				E68C8E771E0E2225006029D1 /* KSBQuestionSelectVC.m */,
				E68C8E781E0E2225006029D1 /* KSBRootVC.h */,
				E68C8E791E0E2225006029D1 /* KSBRootVC.m */,
			);
			path = old;
			sourceTree = "<group>";
		};
/* End PBXGroup section */

/* Begin PBXNativeTarget section */
		BE009A2E1B155E1A00DE9530 /* KenStockBallot */ = {
			isa = PBXNativeTarget;
			buildConfigurationList = BE009A521B155E1A00DE9530 /* Build configuration list for PBXNativeTarget "KenStockBallot" */;
			buildPhases = (
				BE009A2B1B155E1A00DE9530 /* Sources */,
				BE009A2C1B155E1A00DE9530 /* Frameworks */,
				BE009A2D1B155E1A00DE9530 /* Resources */,
			);
			buildRules = (
			);
			dependencies = (
			);
			name = KenStockBallot;
			productName = KenStockBallot;
			productReference = BE009A2F1B155E1A00DE9530 /* KenStockBallot.app */;
			productType = "com.apple.product-type.application";
		};
/* End PBXNativeTarget section */

/* Begin PBXProject section */
		BE009A271B155E1A00DE9530 /* Project object */ = {
			isa = PBXProject;
			attributes = {
				LastUpgradeCheck = 0630;
				ORGANIZATIONNAME = ken;
				TargetAttributes = {
					BE009A2E1B155E1A00DE9530 = {
						CreatedOnToolsVersion = 6.3.1;
						DevelopmentTeam = E3G4N27K8M;
					};
				};
			};
			buildConfigurationList = BE009A2A1B155E1A00DE9530 /* Build configuration list for PBXProject "KenStockBallot" */;
			compatibilityVersion = "Xcode 3.2";
			developmentRegion = English;
			hasScannedForEncodings = 0;
			knownRegions = (
				en,
				Base,
			);
			mainGroup = BE009A261B155E1A00DE9530;
			productRefGroup = BE009A301B155E1A00DE9530 /* Products */;
			projectDirPath = "";
			projectRoot = "";
			targets = (
				BE009A2E1B155E1A00DE9530 /* KenStockBallot */,
			);
		};
/* End PBXProject section */

/* Begin PBXResourcesBuildPhase section */
		BE009A2D1B155E1A00DE9530 /* Resources */ = {
			isa = PBXResourcesBuildPhase;
			buildActionMask = 2147483647;
			files = (
				BE009A431B155E1A00DE9530 /* LaunchScreen.xib in Resources */,
				BE009AA91B180CA100DE9530 /* Images.xcassets in Resources */,
				BE009A951B156AED00DE9530 /* InfoPlist.strings in Resources */,
				BE7EFC631E24E1CE00E1E579 /* baidumobadsdk.bundle in Resources */,
				BE009A931B156AD500DE9530 /* Localizable.strings in Resources */,
			);
			runOnlyForDeploymentPostprocessing = 0;
		};
/* End PBXResourcesBuildPhase section */

/* Begin PBXSourcesBuildPhase section */
		BE009A2B1B155E1A00DE9530 /* Sources */ = {
			isa = PBXSourcesBuildPhase;
			buildActionMask = 2147483647;
			files = (
				E68C8E881E0E28C2006029D1 /* KSBRootBtn1VC.m in Sources */,
				E68C8E7D1E0E2225006029D1 /* KSBCalculateQuestion1V.m in Sources */,
				BE009A8A1B15697200DE9530 /* NSString+KenString.m in Sources */,
				E68C8E851E0E22A2006029D1 /* KSBRootNewVC.m in Sources */,
				BE7EFC7C1E26160D00E1E579 /* UIView+convenience.m in Sources */,
				BE009A901B15697200DE9530 /* KenUtils.m in Sources */,
				BE7EFC7A1E26160D00E1E579 /* NSMutableArray+convenience.m in Sources */,
				E68C8E7C1E0E2225006029D1 /* KSBCalculateEditVC.m in Sources */,
				BE7EFC781E26160D00E1E579 /* NSDate+convenience.m in Sources */,
				BE009A9A1B1573F900DE9530 /* KSBStockInfo.m in Sources */,
				E68C8E821E0E2225006029D1 /* KSBRootVC.m in Sources */,
				BE7EFC7B1E26160D00E1E579 /* UIColor+expanded.m in Sources */,
				E68C8E7A1E0E2225006029D1 /* KSBBaseVC.m in Sources */,
				BE009A8B1B15697200DE9530 /* UIColor+KenColor.m in Sources */,
				E68C8E801E0E2225006029D1 /* KSBMainCalculateVC.m in Sources */,
				BE009A861B15697200DE9530 /* NSMutableDictionary+KenMutableDictionary.m in Sources */,
				E68C8E911E0E5188006029D1 /* KSBSelectedVC.m in Sources */,
				E68C8E8B1E0E28D3006029D1 /* KSBHistoryVC.m in Sources */,
				BE009A5D1B155F5A00DE9530 /* AppDelegate.m in Sources */,
				BE009A891B15697200DE9530 /* NSObject+KenObject.m in Sources */,
				E68C8E941E0E6FA8006029D1 /* KSBHistoryInfo.m in Sources */,
				E68C8E7F1E0E2225006029D1 /* KSBEditAddV.m in Sources */,
				E68C8E811E0E2225006029D1 /* KSBQuestionSelectVC.m in Sources */,
				BE009A8C1B15697200DE9530 /* UIDevice+IdentifierAddition.m in Sources */,
				BE009A851B15697200DE9530 /* NSMutableArray+KenMutableArray.m in Sources */,
				BE009A8F1B15697200DE9530 /* UIView+KenUIView.m in Sources */,
				BE009A8D1B15697200DE9530 /* UIFont+KenFont.m in Sources */,
				BE7EFC7D1E26160D00E1E579 /* VRGCalendarView.m in Sources */,
				BE009A871B15697200DE9530 /* NSMutableString+KenMutableString.m in Sources */,
				BE009A351B155E1A00DE9530 /* main.m in Sources */,
				BE009A881B15697200DE9530 /* NSNull+KenNull.m in Sources */,
				BE009A9D1B15740800DE9530 /* KSBModel.m in Sources */,
				BE7EFC791E26160D00E1E579 /* NSDate+Helpers.m in Sources */,
				BE009A8E1B15697200DE9530 /* UIImage+KenImage.m in Sources */,
				BE009A841B15697200DE9530 /* NSArray+KenArray.m in Sources */,
				E68C8E7E1E0E2225006029D1 /* KSBCalculateQuestion2V.m in Sources */,
				E68C8E7B1E0E2225006029D1 /* KSBCalculateBaseV.m in Sources */,
			);
			runOnlyForDeploymentPostprocessing = 0;
		};
/* End PBXSourcesBuildPhase section */

/* Begin PBXVariantGroup section */
		BE009A411B155E1A00DE9530 /* LaunchScreen.xib */ = {
			isa = PBXVariantGroup;
			children = (
				BE009A421B155E1A00DE9530 /* Base */,
			);
			name = LaunchScreen.xib;
			path = ..;
			sourceTree = "<group>";
		};
/* End PBXVariantGroup section */

/* Begin XCBuildConfiguration section */
		BE009A501B155E1A00DE9530 /* Debug */ = {
			isa = XCBuildConfiguration;
			buildSettings = {
				ALWAYS_SEARCH_USER_PATHS = NO;
				CLANG_CXX_LANGUAGE_STANDARD = "gnu++0x";
				CLANG_CXX_LIBRARY = "libc++";
				CLANG_ENABLE_MODULES = YES;
				CLANG_ENABLE_OBJC_ARC = YES;
				CLANG_WARN_BOOL_CONVERSION = YES;
				CLANG_WARN_CONSTANT_CONVERSION = YES;
				CLANG_WARN_DIRECT_OBJC_ISA_USAGE = YES_ERROR;
				CLANG_WARN_EMPTY_BODY = YES;
				CLANG_WARN_ENUM_CONVERSION = YES;
				CLANG_WARN_INT_CONVERSION = YES;
				CLANG_WARN_OBJC_ROOT_CLASS = YES_ERROR;
				CLANG_WARN_UNREACHABLE_CODE = YES;
				CLANG_WARN__DUPLICATE_METHOD_MATCH = YES;
				"CODE_SIGN_IDENTITY[sdk=iphoneos*]" = "iPhone Developer";
				COPY_PHASE_STRIP = NO;
				DEBUG_INFORMATION_FORMAT = "dwarf-with-dsym";
				ENABLE_STRICT_OBJC_MSGSEND = YES;
				GCC_C_LANGUAGE_STANDARD = gnu99;
				GCC_DYNAMIC_NO_PIC = NO;
				GCC_NO_COMMON_BLOCKS = YES;
				GCC_OPTIMIZATION_LEVEL = 0;
				GCC_PREPROCESSOR_DEFINITIONS = (
					"DEBUG=1",
					"$(inherited)",
				);
				GCC_SYMBOLS_PRIVATE_EXTERN = NO;
				GCC_WARN_64_TO_32_BIT_CONVERSION = YES;
				GCC_WARN_ABOUT_RETURN_TYPE = YES_ERROR;
				GCC_WARN_UNDECLARED_SELECTOR = YES;
				GCC_WARN_UNINITIALIZED_AUTOS = YES_AGGRESSIVE;
				GCC_WARN_UNUSED_FUNCTION = YES;
				GCC_WARN_UNUSED_VARIABLE = YES;
				IPHONEOS_DEPLOYMENT_TARGET = 8.3;
				MTL_ENABLE_DEBUG_INFO = YES;
				ONLY_ACTIVE_ARCH = YES;
				SDKROOT = iphoneos;
				TARGETED_DEVICE_FAMILY = "1,2";
			};
			name = Debug;
		};
		BE009A511B155E1A00DE9530 /* Release */ = {
			isa = XCBuildConfiguration;
			buildSettings = {
				ALWAYS_SEARCH_USER_PATHS = NO;
				CLANG_CXX_LANGUAGE_STANDARD = "gnu++0x";
				CLANG_CXX_LIBRARY = "libc++";
				CLANG_ENABLE_MODULES = YES;
				CLANG_ENABLE_OBJC_ARC = YES;
				CLANG_WARN_BOOL_CONVERSION = YES;
				CLANG_WARN_CONSTANT_CONVERSION = YES;
				CLANG_WARN_DIRECT_OBJC_ISA_USAGE = YES_ERROR;
				CLANG_WARN_EMPTY_BODY = YES;
				CLANG_WARN_ENUM_CONVERSION = YES;
				CLANG_WARN_INT_CONVERSION = YES;
				CLANG_WARN_OBJC_ROOT_CLASS = YES_ERROR;
				CLANG_WARN_UNREACHABLE_CODE = YES;
				CLANG_WARN__DUPLICATE_METHOD_MATCH = YES;
				"CODE_SIGN_IDENTITY[sdk=iphoneos*]" = "iPhone Developer";
				COPY_PHASE_STRIP = NO;
				DEBUG_INFORMATION_FORMAT = "dwarf-with-dsym";
				ENABLE_NS_ASSERTIONS = NO;
				ENABLE_STRICT_OBJC_MSGSEND = YES;
				GCC_C_LANGUAGE_STANDARD = gnu99;
				GCC_NO_COMMON_BLOCKS = YES;
				GCC_WARN_64_TO_32_BIT_CONVERSION = YES;
				GCC_WARN_ABOUT_RETURN_TYPE = YES_ERROR;
				GCC_WARN_UNDECLARED_SELECTOR = YES;
				GCC_WARN_UNINITIALIZED_AUTOS = YES_AGGRESSIVE;
				GCC_WARN_UNUSED_FUNCTION = YES;
				GCC_WARN_UNUSED_VARIABLE = YES;
				IPHONEOS_DEPLOYMENT_TARGET = 8.3;
				MTL_ENABLE_DEBUG_INFO = NO;
				SDKROOT = iphoneos;
				TARGETED_DEVICE_FAMILY = "1,2";
				VALIDATE_PRODUCT = YES;
			};
			name = Release;
		};
		BE009A531B155E1A00DE9530 /* Debug */ = {
			isa = XCBuildConfiguration;
			buildSettings = {
				ASSETCATALOG_COMPILER_APPICON_NAME = AppIcon;
				ASSETCATALOG_COMPILER_LAUNCHIMAGE_NAME = LaunchImage;
				CODE_SIGN_IDENTITY = "iPhone Developer";
				DEVELOPMENT_TEAM = E3G4N27K8M;
				ENABLE_BITCODE = NO;
				FRAMEWORK_SEARCH_PATHS = (
					"$(inherited)",
					"$(PROJECT_DIR)/KenStockBallot/Classes/Tools/Bmob",
					"$(PROJECT_DIR)/Frameworks",
					"$(PROJECT_DIR)/KenStockBallot/Classes/Tools/AdsMoGo/AdNetworkLibs/AdMob_SDK_700",
					"$(PROJECT_DIR)/KenStockBallot/Classes/Tools/AdSDK/admob",
					"$(PROJECT_DIR)/KenStockBallot/Classes/Tools/AdSDK/baidu",
				);
				GCC_INPUT_FILETYPE = sourcecode.c.objc;
				GCC_PRECOMPILE_PREFIX_HEADER = YES;
				GCC_PREFIX_HEADER = "$(SRCROOT)/KenStockBallot/PrefixHeader.pch";
				INFOPLIST_FILE = KenStockBallot/Info.plist;
				IPHONEOS_DEPLOYMENT_TARGET = 7.0;
				LD_RUNPATH_SEARCH_PATHS = "$(inherited) @executable_path/Frameworks";
				LIBRARY_SEARCH_PATHS = (
					"$(inherited)",
					"$(PROJECT_DIR)/KenStockBallot/Classes/Tools/UM",
					"$(PROJECT_DIR)/KenStockBallot/Classes/Tools/AdsMoGo/AdNetworkLibs/Adwo_SDK_660/adwoSDKLib",
					"$(PROJECT_DIR)/KenStockBallot/Classes/Tools/AdsMoGo/AdNetworkLibs/Baidu_3.5.6(2.4)_SDK/lib",
					"$(PROJECT_DIR)/KenStockBallot/Classes/Tools/AdsMoGo/AdsMoGoSDK",
				);
				OTHER_LDFLAGS = "-ObjC";
				PRODUCT_NAME = "$(TARGET_NAME)";
				VALID_ARCHS = "arm64 armv7 armv7s x86_64";
			};
			name = Debug;
		};
		BE009A541B155E1A00DE9530 /* Release */ = {
			isa = XCBuildConfiguration;
			buildSettings = {
				ASSETCATALOG_COMPILER_APPICON_NAME = AppIcon;
				ASSETCATALOG_COMPILER_LAUNCHIMAGE_NAME = LaunchImage;
				CODE_SIGN_IDENTITY = "iPhone Developer";
				DEVELOPMENT_TEAM = E3G4N27K8M;
				ENABLE_BITCODE = NO;
				FRAMEWORK_SEARCH_PATHS = (
					"$(inherited)",
					"$(PROJECT_DIR)/KenStockBallot/Classes/Tools/Bmob",
					"$(PROJECT_DIR)/Frameworks",
					"$(PROJECT_DIR)/KenStockBallot/Classes/Tools/AdsMoGo/AdNetworkLibs/AdMob_SDK_700",
					"$(PROJECT_DIR)/KenStockBallot/Classes/Tools/AdSDK/admob",
					"$(PROJECT_DIR)/KenStockBallot/Classes/Tools/AdSDK/baidu",
				);
				GCC_INPUT_FILETYPE = sourcecode.c.objc;
				GCC_PRECOMPILE_PREFIX_HEADER = YES;
				GCC_PREFIX_HEADER = "$(SRCROOT)/KenStockBallot/PrefixHeader.pch";
				INFOPLIST_FILE = KenStockBallot/Info.plist;
				IPHONEOS_DEPLOYMENT_TARGET = 7.0;
				LD_RUNPATH_SEARCH_PATHS = "$(inherited) @executable_path/Frameworks";
				LIBRARY_SEARCH_PATHS = (
					"$(inherited)",
					"$(PROJECT_DIR)/KenStockBallot/Classes/Tools/UM",
					"$(PROJECT_DIR)/KenStockBallot/Classes/Tools/AdsMoGo/AdNetworkLibs/Adwo_SDK_660/adwoSDKLib",
					"$(PROJECT_DIR)/KenStockBallot/Classes/Tools/AdsMoGo/AdNetworkLibs/Baidu_3.5.6(2.4)_SDK/lib",
					"$(PROJECT_DIR)/KenStockBallot/Classes/Tools/AdsMoGo/AdsMoGoSDK",
				);
				OTHER_LDFLAGS = "-ObjC";
				PRODUCT_NAME = "$(TARGET_NAME)";
				VALID_ARCHS = "arm64 armv7 armv7s x86_64";
			};
			name = Release;
		};
/* End XCBuildConfiguration section */

/* Begin XCConfigurationList section */
		BE009A2A1B155E1A00DE9530 /* Build configuration list for PBXProject "KenStockBallot" */ = {
			isa = XCConfigurationList;
			buildConfigurations = (
				BE009A501B155E1A00DE9530 /* Debug */,
				BE009A511B155E1A00DE9530 /* Release */,
			);
			defaultConfigurationIsVisible = 0;
			defaultConfigurationName = Release;
		};
		BE009A521B155E1A00DE9530 /* Build configuration list for PBXNativeTarget "KenStockBallot" */ = {
			isa = XCConfigurationList;
			buildConfigurations = (
				BE009A531B155E1A00DE9530 /* Debug */,
				BE009A541B155E1A00DE9530 /* Release */,
			);
			defaultConfigurationIsVisible = 0;
			defaultConfigurationName = Release;
		};
/* End XCConfigurationList section */
	};
	rootObject = BE009A271B155E1A00DE9530 /* Project object */;
}
